# This file is automatically @generated by Cargo.
# It is not intended for manual editing.
version = 4

[[package]]
name = "agent-cli"
version = "0.1.0"
dependencies = [
 "agent-core",
]

[[package]]
name = "agent-core"
version = "0.1.0"

[[package]]
name = "agent-infra"
version = "0.1.0"
dependencies = [
 "agent-core",
]

[[package]]
name = "agent-server"
version = "0.1.0"
dependencies = [
 "agent-core",
 "agent-infra",
]

[[package]]
name = "agent-shared"
version = "0.1.0"
